
Microsoft Visual Studio Solution File, Format Version 12.00
# Visual Studio Version 17
VisualStudioVersion = 17.0.31903.59
MinimumVisualStudioVersion = 10.0.40219.1
Project("{FAE04EC0-301F-11D3-BF4B-00C04F79EFBC}") = "Telegram", "Telegram\Telegram.csproj", "{C3609639-17E1-4A06-B17E-EEA27C7CF7C4}"
EndProject
Global
	GlobalSection(SolutionConfigurationPlatforms) = preSolution
		Debug|Any CPU = Debug|Any CPU
		Release|Any CPU = Release|Any CPU
	EndGlobalSection
	GlobalSection(ProjectConfigurationPlatforms) = postSolution
		{C3609639-17E1-4A06-B17E-EEA27C7CF7C4}.Debug|Any CPU.ActiveCfg = Debug|Any CPU
		{C3609639-17E1-4A06-B17E-EEA27C7CF7C4}.Debug|Any CPU.Build.0 = Debug|Any CPU
		{C3609639-17E1-4A06-B17E-EEA27C7CF7C4}.Release|Any CPU.ActiveCfg = Release|Any CPU
		{C3609639-17E1-4A06-B17E-EEA27C7CF7C4}.Release|Any CPU.Build.0 = Release|Any CPU
	EndGlobalSection
	GlobalSection(SolutionProperties) = preSolution
		HideSolutionNode = FALSE
	EndGlobalSection
	GlobalSection(ExtensibilityGlobals) = postSolution
		SolutionGuid = {AD29A1F6-B711-42AC-8B06-50BC027C1FDB}
	EndGlobalSection
EndGlobal
